
Microsoft Visual Studio Solution File, Format Version 12.00
# Visual Studio Version 17
VisualStudioVersion = 17.0.31903.59
MinimumVisualStudioVersion = 10.0.40219.1
Project("{FAE04EC0-301F-11D3-BF4B-00C04F79EFBC}") = "Taxjar", "TaxJar\Taxjar.csproj", "{01689F59-46D2-48F7-A483-C1A1FF564CE0}"
EndProject
Project("{FAE04EC0-301F-11D3-BF4B-00C04F79EFBC}") = "Taxjar.Tests", "TaxJar.Tests\Taxjar.Tests.csproj", "{FACC4643-991C-451C-9FE6-DEEAF31D2CCD}"
EndProject
Global
	GlobalSection(SolutionConfigurationPlatforms) = preSolution
		Debug|Any CPU = Debug|Any CPU
		Release|Any CPU = Release|Any CPU
	EndGlobalSection
	GlobalSection(SolutionProperties) = preSolution
		HideSolutionNode = FALSE
	EndGlobalSection
	GlobalSection(ProjectConfigurationPlatforms) = postSolution
		{01689F59-46D2-48F7-A483-C1A1FF564CE0}.Debug|Any CPU.ActiveCfg = Debug|Any CPU
		{01689F59-46D2-48F7-A483-C1A1FF564CE0}.Debug|Any CPU.Build.0 = Debug|Any CPU
		{01689F59-46D2-48F7-A483-C1A1FF564CE0}.Release|Any CPU.ActiveCfg = Release|Any CPU
		{01689F59-46D2-48F7-A483-C1A1FF564CE0}.Release|Any CPU.Build.0 = Release|Any CPU
		{FACC4643-991C-451C-9FE6-DEEAF31D2CCD}.Debug|Any CPU.ActiveCfg = Debug|Any CPU
		{FACC4643-991C-451C-9FE6-DEEAF31D2CCD}.Debug|Any CPU.Build.0 = Debug|Any CPU
		{FACC4643-991C-451C-9FE6-DEEAF31D2CCD}.Release|Any CPU.ActiveCfg = Release|Any CPU
		{FACC4643-991C-451C-9FE6-DEEAF31D2CCD}.Release|Any CPU.Build.0 = Release|Any CPU
	EndGlobalSection
EndGlobal
